
Microsoft Visual Studio Solution File, Format Version 12.00
# Visual Studio Version 17
VisualStudioVersion = 17.9.34622.214
MinimumVisualStudioVersion = 10.0.40219.1
Project("{FAE04EC0-301F-11D3-BF4B-00C04F79EFBC}") = "FormDers10(HastahaneRandevuSistemi)", "FormDers10(HastahaneRandevuSistemi)\FormDers10(HastahaneRandevuSistemi).csproj", "{BBBAF2A9-A36A-4927-81A8-F83ABA54AB0C}"
EndProject
Global
	GlobalSection(SolutionConfigurationPlatforms) = preSolution
		Debug|Any CPU = Debug|Any CPU
		Release|Any CPU = Release|Any CPU
	EndGlobalSection
	GlobalSection(ProjectConfigurationPlatforms) = postSolution
		{BBBAF2A9-A36A-4927-81A8-F83ABA54AB0C}.Debug|Any CPU.ActiveCfg = Debug|Any CPU
		{BBBAF2A9-A36A-4927-81A8-F83ABA54AB0C}.Debug|Any CPU.Build.0 = Debug|Any CPU
		{BBBAF2A9-A36A-4927-81A8-F83ABA54AB0C}.Release|Any CPU.ActiveCfg = Release|Any CPU
		{BBBAF2A9-A36A-4927-81A8-F83ABA54AB0C}.Release|Any CPU.Build.0 = Release|Any CPU
	EndGlobalSection
	GlobalSection(SolutionProperties) = preSolution
		HideSolutionNode = FALSE
	EndGlobalSection
	GlobalSection(ExtensibilityGlobals) = postSolution
		SolutionGuid = {258877FA-F03E-4438-ADB7-E6818EA81296}
	EndGlobalSection
EndGlobal
