
Microsoft Visual Studio Solution File, Format Version 12.00
# Visual Studio Version 17
VisualStudioVersion = 17.9.34622.214
MinimumVisualStudioVersion = 10.0.40219.1
Project("{FAE04EC0-301F-11D3-BF4B-00C04F79EFBC}") = "WindowsFormsApp1", "WindowsFormsApp1\WindowsFormsApp1.csproj", "{7D717AC7-E6B6-48B7-90B5-306401CA4B00}"
EndProject
Global
	GlobalSection(SolutionConfigurationPlatforms) = preSolution
		Debug|Any CPU = Debug|Any CPU
		Release|Any CPU = Release|Any CPU
	EndGlobalSection
	GlobalSection(ProjectConfigurationPlatforms) = postSolution
		{7D717AC7-E6B6-48B7-90B5-306401CA4B00}.Debug|Any CPU.ActiveCfg = Debug|Any CPU
		{7D717AC7-E6B6-48B7-90B5-306401CA4B00}.Debug|Any CPU.Build.0 = Debug|Any CPU
		{7D717AC7-E6B6-48B7-90B5-306401CA4B00}.Release|Any CPU.ActiveCfg = Release|Any CPU
		{7D717AC7-E6B6-48B7-90B5-306401CA4B00}.Release|Any CPU.Build.0 = Release|Any CPU
	EndGlobalSection
	GlobalSection(SolutionProperties) = preSolution
		HideSolutionNode = FALSE
	EndGlobalSection
	GlobalSection(ExtensibilityGlobals) = postSolution
		SolutionGuid = {668F8B50-674A-4409-9D7A-49AAB5509E70}
	EndGlobalSection
EndGlobal
