
Microsoft Visual Studio Solution File, Format Version 12.00
# Visual Studio Version 17
VisualStudioVersion = 17.9.34622.214
MinimumVisualStudioVersion = 10.0.40219.1
Project("{FAE04EC0-301F-11D3-BF4B-00C04F79EFBC}") = "chart_kullanımı", "chart_kullanımı\chart_kullanımı.csproj", "{FDACB8C0-0996-46DF-867C-A432D7E026E2}"
EndProject
Global
	GlobalSection(SolutionConfigurationPlatforms) = preSolution
		Debug|Any CPU = Debug|Any CPU
		Release|Any CPU = Release|Any CPU
	EndGlobalSection
	GlobalSection(ProjectConfigurationPlatforms) = postSolution
		{FDACB8C0-0996-46DF-867C-A432D7E026E2}.Debug|Any CPU.ActiveCfg = Debug|Any CPU
		{FDACB8C0-0996-46DF-867C-A432D7E026E2}.Debug|Any CPU.Build.0 = Debug|Any CPU
		{FDACB8C0-0996-46DF-867C-A432D7E026E2}.Release|Any CPU.ActiveCfg = Release|Any CPU
		{FDACB8C0-0996-46DF-867C-A432D7E026E2}.Release|Any CPU.Build.0 = Release|Any CPU
	EndGlobalSection
	GlobalSection(SolutionProperties) = preSolution
		HideSolutionNode = FALSE
	EndGlobalSection
	GlobalSection(ExtensibilityGlobals) = postSolution
		SolutionGuid = {7C6E903E-49CB-4C49-BE6F-E350ACE066D1}
	EndGlobalSection
EndGlobal
