
Microsoft Visual Studio Solution File, Format Version 12.00
# Visual Studio Version 17
VisualStudioVersion = 17.9.34622.214
MinimumVisualStudioVersion = 10.0.40219.1
Project("{FAE04EC0-301F-11D3-BF4B-00C04F79EFBC}") = "FormDers7(KütüphaneTakip)", "FormDers7(KütüphaneTakip)\FormDers7(KütüphaneTakip).csproj", "{195D090C-F062-4A8E-B76D-9F982C68B23D}"
EndProject
Global
	GlobalSection(SolutionConfigurationPlatforms) = preSolution
		Debug|Any CPU = Debug|Any CPU
		Release|Any CPU = Release|Any CPU
	EndGlobalSection
	GlobalSection(ProjectConfigurationPlatforms) = postSolution
		{195D090C-F062-4A8E-B76D-9F982C68B23D}.Debug|Any CPU.ActiveCfg = Debug|Any CPU
		{195D090C-F062-4A8E-B76D-9F982C68B23D}.Debug|Any CPU.Build.0 = Debug|Any CPU
		{195D090C-F062-4A8E-B76D-9F982C68B23D}.Release|Any CPU.ActiveCfg = Release|Any CPU
		{195D090C-F062-4A8E-B76D-9F982C68B23D}.Release|Any CPU.Build.0 = Release|Any CPU
	EndGlobalSection
	GlobalSection(SolutionProperties) = preSolution
		HideSolutionNode = FALSE
	EndGlobalSection
	GlobalSection(ExtensibilityGlobals) = postSolution
		SolutionGuid = {5C089537-8D0E-43F7-9C4E-5258A83F70DD}
	EndGlobalSection
EndGlobal
