
Microsoft Visual Studio Solution File, Format Version 12.00
# Visual Studio Version 17
VisualStudioVersion = 17.9.34622.214
MinimumVisualStudioVersion = 10.0.40219.1
Project("{FAE04EC0-301F-11D3-BF4B-00C04F79EFBC}") = "FormDersi5(DöngülerVeÜsAlıcı)", "FormDersi5(DöngülerVeÜsAlıcı)\FormDersi5(DöngülerVeÜsAlıcı).csproj", "{CD71D4FA-DAEA-4F1B-87D4-79CD231B43A7}"
EndProject
Global
	GlobalSection(SolutionConfigurationPlatforms) = preSolution
		Debug|Any CPU = Debug|Any CPU
		Release|Any CPU = Release|Any CPU
	EndGlobalSection
	GlobalSection(ProjectConfigurationPlatforms) = postSolution
		{CD71D4FA-DAEA-4F1B-87D4-79CD231B43A7}.Debug|Any CPU.ActiveCfg = Debug|Any CPU
		{CD71D4FA-DAEA-4F1B-87D4-79CD231B43A7}.Debug|Any CPU.Build.0 = Debug|Any CPU
		{CD71D4FA-DAEA-4F1B-87D4-79CD231B43A7}.Release|Any CPU.ActiveCfg = Release|Any CPU
		{CD71D4FA-DAEA-4F1B-87D4-79CD231B43A7}.Release|Any CPU.Build.0 = Release|Any CPU
	EndGlobalSection
	GlobalSection(SolutionProperties) = preSolution
		HideSolutionNode = FALSE
	EndGlobalSection
	GlobalSection(ExtensibilityGlobals) = postSolution
		SolutionGuid = {5C1A22AE-C941-4A32-95ED-0C27288C566D}
	EndGlobalSection
EndGlobal
