
Microsoft Visual Studio Solution File, Format Version 12.00
# Visual Studio Version 17
VisualStudioVersion = 17.9.34622.214
MinimumVisualStudioVersion = 10.0.40219.1
Project("{FAE04EC0-301F-11D3-BF4B-00C04F79EFBC}") = "FormDers2(KayıtAlma)", "FormDers2(KayıtAlma)\FormDers2(KayıtAlma).csproj", "{B2889685-67EE-4BB4-AF9C-31072865A743}"
EndProject
Global
	GlobalSection(SolutionConfigurationPlatforms) = preSolution
		Debug|Any CPU = Debug|Any CPU
		Release|Any CPU = Release|Any CPU
	EndGlobalSection
	GlobalSection(ProjectConfigurationPlatforms) = postSolution
		{B2889685-67EE-4BB4-AF9C-31072865A743}.Debug|Any CPU.ActiveCfg = Debug|Any CPU
		{B2889685-67EE-4BB4-AF9C-31072865A743}.Debug|Any CPU.Build.0 = Debug|Any CPU
		{B2889685-67EE-4BB4-AF9C-31072865A743}.Release|Any CPU.ActiveCfg = Release|Any CPU
		{B2889685-67EE-4BB4-AF9C-31072865A743}.Release|Any CPU.Build.0 = Release|Any CPU
	EndGlobalSection
	GlobalSection(SolutionProperties) = preSolution
		HideSolutionNode = FALSE
	EndGlobalSection
	GlobalSection(ExtensibilityGlobals) = postSolution
		SolutionGuid = {C2CB39A0-D06D-4366-B546-48251153A396}
	EndGlobalSection
EndGlobal
