
Microsoft Visual Studio Solution File, Format Version 12.00
# Visual Studio Version 17
VisualStudioVersion = 17.9.34622.214
MinimumVisualStudioVersion = 10.0.40219.1
Project("{FAE04EC0-301F-11D3-BF4B-00C04F79EFBC}") = "Formdersleri(ClassYapıları)", "Formdersleri(ClassYapıları)\Formdersleri(ClassYapıları).csproj", "{59E41D27-422D-40E7-8507-32CD11F8487E}"
EndProject
Global
	GlobalSection(SolutionConfigurationPlatforms) = preSolution
		Debug|Any CPU = Debug|Any CPU
		Release|Any CPU = Release|Any CPU
	EndGlobalSection
	GlobalSection(ProjectConfigurationPlatforms) = postSolution
		{59E41D27-422D-40E7-8507-32CD11F8487E}.Debug|Any CPU.ActiveCfg = Debug|Any CPU
		{59E41D27-422D-40E7-8507-32CD11F8487E}.Debug|Any CPU.Build.0 = Debug|Any CPU
		{59E41D27-422D-40E7-8507-32CD11F8487E}.Release|Any CPU.ActiveCfg = Release|Any CPU
		{59E41D27-422D-40E7-8507-32CD11F8487E}.Release|Any CPU.Build.0 = Release|Any CPU
	EndGlobalSection
	GlobalSection(SolutionProperties) = preSolution
		HideSolutionNode = FALSE
	EndGlobalSection
	GlobalSection(ExtensibilityGlobals) = postSolution
		SolutionGuid = {572F3E52-B90E-4D06-AB2A-6684A53BA395}
	EndGlobalSection
EndGlobal
